{
  "requires": true,
  "lockfileVersion": 1,
  "dependencies": {
    "core-js": {
      "version": "3.20.3",
      "resolved": "https://registry.npmjs.org/core-js/-/core-js-3.20.3.tgz",
      "integrity": "sha512-vVl8j8ph6tRS3B8qir40H7yw7voy17xL0piAjlbBUsH7WIfzoedL/ZOr1OV9FyZQLWXsayOJyV4tnRyXR85/ag=="
    },
    "fractional": {
      "version": "1.0.0",
      "resolved": "https://registry.npmjs.org/fractional/-/fractional-1.0.0.tgz",
      "integrity": "sha1-2rFnovn4BM+QOL3fR6qbp/IH6rw="
    },
    "regenerator-runtime": {
      "version": "0.13.9",
      "resolved": "https://registry.npmjs.org/regenerator-runtime/-/regenerator-runtime-0.13.9.tgz",
      "integrity": "sha512-p3VT+cOEgxFsRRA9X4lkI1E+k2/CtnKtU4gcxyaCUreilL/vqI6CdZ3wxVUx3UOUg+gnUOQQcRI7BmSI656MYA=="
    }
  }
}
